
Microsoft Visual Studio Solution File, Format Version 12.00
# Visual Studio Version 16
VisualStudioVersion = 16.0.30621.155
MinimumVisualStudioVersion = 10.0.40219.1
Project("{9A19103F-16F7-4668-BE54-9A1E7A4F7556}") = "Test1", "Test1.csproj", "{6EE91CA8-3561-4C9F-8DF3-D63320DAC758}"
EndProject
Global
	GlobalSection(SolutionConfigurationPlatforms) = preSolution
		Debug|Any CPU = Debug|Any CPU
		Release|Any CPU = Release|Any CPU
	EndGlobalSection
	GlobalSection(ProjectConfigurationPlatforms) = postSolution
		{6EE91CA8-3561-4C9F-8DF3-D63320DAC758}.Debug|Any CPU.ActiveCfg = Debug|Any CPU
		{6EE91CA8-3561-4C9F-8DF3-D63320DAC758}.Debug|Any CPU.Build.0 = Debug|Any CPU
		{6EE91CA8-3561-4C9F-8DF3-D63320DAC758}.Release|Any CPU.ActiveCfg = Release|Any CPU
		{6EE91CA8-3561-4C9F-8DF3-D63320DAC758}.Release|Any CPU.Build.0 = Release|Any CPU
	EndGlobalSection
	GlobalSection(SolutionProperties) = preSolution
		HideSolutionNode = FALSE
	EndGlobalSection
	GlobalSection(ExtensibilityGlobals) = postSolution
		SolutionGuid = {A86EE00C-8924-4567-86EC-6C3E5402EC5A}
	EndGlobalSection
EndGlobal
